
Microsoft Visual Studio Solution File, Format Version 12.00
# Visual Studio Version 17
VisualStudioVersion = 17.0.31903.59
MinimumVisualStudioVersion = 10.0.40219.1
Project("{2150E333-8FDC-42A3-9474-1A3956D46DE8}") = "src", "src", "{827E0CD3-B72D-47B6-A68D-7590B98EB39B}"
EndProject
Project("{FAE04EC0-301F-11D3-BF4B-00C04F79EFBC}") = "WorldCupScoreboard", "src\WorldCupScoreboard\WorldCupScoreboard.csproj", "{1AD84316-03A6-4451-8080-1FCDE7801D69}"
EndProject
Project("{2150E333-8FDC-42A3-9474-1A3956D46DE8}") = "tests", "tests", "{0AB3BF05-4346-4AA6-1389-037BE0695223}"
EndProject
Project("{FAE04EC0-301F-11D3-BF4B-00C04F79EFBC}") = "WorldCupScoreboard.Tests", "tests\WorldCupScoreboard.Tests\WorldCupScoreboard.Tests.csproj", "{D42F4157-499D-4592-B7E7-C657F6920C01}"
EndProject
Project("{2150E333-8FDC-42A3-9474-1A3956D46DE8}") = "demo", "demo", "{A39C23D2-F2C0-258D-165A-CF1E7FEE6E7B}"
EndProject
Project("{FAE04EC0-301F-11D3-BF4B-00C04F79EFBC}") = "ScoreboardCli", "demo\ScoreboardCli\ScoreboardCli.csproj", "{6A7A3F02-7E4C-4FBD-AE42-75A83BDC9E71}"
EndProject
Global
	GlobalSection(SolutionConfigurationPlatforms) = preSolution
		Debug|Any CPU = Debug|Any CPU
		Debug|x64 = Debug|x64
		Debug|x86 = Debug|x86
		Release|Any CPU = Release|Any CPU
		Release|x64 = Release|x64
		Release|x86 = Release|x86
	EndGlobalSection
	GlobalSection(ProjectConfigurationPlatforms) = postSolution
		{1AD84316-03A6-4451-8080-1FCDE7801D69}.Debug|Any CPU.ActiveCfg = Debug|Any CPU
		{1AD84316-03A6-4451-8080-1FCDE7801D69}.Debug|Any CPU.Build.0 = Debug|Any CPU
		{1AD84316-03A6-4451-8080-1FCDE7801D69}.Debug|x64.ActiveCfg = Debug|Any CPU
		{1AD84316-03A6-4451-8080-1FCDE7801D69}.Debug|x64.Build.0 = Debug|Any CPU
		{1AD84316-03A6-4451-8080-1FCDE7801D69}.Debug|x86.ActiveCfg = Debug|Any CPU
		{1AD84316-03A6-4451-8080-1FCDE7801D69}.Debug|x86.Build.0 = Debug|Any CPU
		{1AD84316-03A6-4451-8080-1FCDE7801D69}.Release|Any CPU.ActiveCfg = Release|Any CPU
		{1AD84316-03A6-4451-8080-1FCDE7801D69}.Release|Any CPU.Build.0 = Release|Any CPU
		{1AD84316-03A6-4451-8080-1FCDE7801D69}.Release|x64.ActiveCfg = Release|Any CPU
		{1AD84316-03A6-4451-8080-1FCDE7801D69}.Release|x64.Build.0 = Release|Any CPU
		{1AD84316-03A6-4451-8080-1FCDE7801D69}.Release|x86.ActiveCfg = Release|Any CPU
		{1AD84316-03A6-4451-8080-1FCDE7801D69}.Release|x86.Build.0 = Release|Any CPU
		{D42F4157-499D-4592-B7E7-C657F6920C01}.Debug|Any CPU.ActiveCfg = Debug|Any CPU
		{D42F4157-499D-4592-B7E7-C657F6920C01}.Debug|Any CPU.Build.0 = Debug|Any CPU
		{D42F4157-499D-4592-B7E7-C657F6920C01}.Debug|x64.ActiveCfg = Debug|Any CPU
		{D42F4157-499D-4592-B7E7-C657F6920C01}.Debug|x64.Build.0 = Debug|Any CPU
		{D42F4157-499D-4592-B7E7-C657F6920C01}.Debug|x86.ActiveCfg = Debug|Any CPU
		{D42F4157-499D-4592-B7E7-C657F6920C01}.Debug|x86.Build.0 = Debug|Any CPU
		{D42F4157-499D-4592-B7E7-C657F6920C01}.Release|Any CPU.ActiveCfg = Release|Any CPU
		{D42F4157-499D-4592-B7E7-C657F6920C01}.Release|Any CPU.Build.0 = Release|Any CPU
		{D42F4157-499D-4592-B7E7-C657F6920C01}.Release|x64.ActiveCfg = Release|Any CPU
		{D42F4157-499D-4592-B7E7-C657F6920C01}.Release|x64.Build.0 = Release|Any CPU
		{D42F4157-499D-4592-B7E7-C657F6920C01}.Release|x86.ActiveCfg = Release|Any CPU
		{D42F4157-499D-4592-B7E7-C657F6920C01}.Release|x86.Build.0 = Release|Any CPU
		{6A7A3F02-7E4C-4FBD-AE42-75A83BDC9E71}.Debug|Any CPU.ActiveCfg = Debug|Any CPU
		{6A7A3F02-7E4C-4FBD-AE42-75A83BDC9E71}.Debug|Any CPU.Build.0 = Debug|Any CPU
		{6A7A3F02-7E4C-4FBD-AE42-75A83BDC9E71}.Debug|x64.ActiveCfg = Debug|Any CPU
		{6A7A3F02-7E4C-4FBD-AE42-75A83BDC9E71}.Debug|x64.Build.0 = Debug|Any CPU
		{6A7A3F02-7E4C-4FBD-AE42-75A83BDC9E71}.Debug|x86.ActiveCfg = Debug|Any CPU
		{6A7A3F02-7E4C-4FBD-AE42-75A83BDC9E71}.Debug|x86.Build.0 = Debug|Any CPU
		{6A7A3F02-7E4C-4FBD-AE42-75A83BDC9E71}.Release|Any CPU.ActiveCfg = Release|Any CPU
		{6A7A3F02-7E4C-4FBD-AE42-75A83BDC9E71}.Release|Any CPU.Build.0 = Release|Any CPU
		{6A7A3F02-7E4C-4FBD-AE42-75A83BDC9E71}.Release|x64.ActiveCfg = Release|Any CPU
		{6A7A3F02-7E4C-4FBD-AE42-75A83BDC9E71}.Release|x64.Build.0 = Release|Any CPU
		{6A7A3F02-7E4C-4FBD-AE42-75A83BDC9E71}.Release|x86.ActiveCfg = Release|Any CPU
		{6A7A3F02-7E4C-4FBD-AE42-75A83BDC9E71}.Release|x86.Build.0 = Release|Any CPU
	EndGlobalSection
	GlobalSection(SolutionProperties) = preSolution
		HideSolutionNode = FALSE
	EndGlobalSection
	GlobalSection(NestedProjects) = preSolution
		{1AD84316-03A6-4451-8080-1FCDE7801D69} = {827E0CD3-B72D-47B6-A68D-7590B98EB39B}
		{D42F4157-499D-4592-B7E7-C657F6920C01} = {0AB3BF05-4346-4AA6-1389-037BE0695223}
		{6A7A3F02-7E4C-4FBD-AE42-75A83BDC9E71} = {A39C23D2-F2C0-258D-165A-CF1E7FEE6E7B}
	EndGlobalSection
EndGlobal
